
Microsoft Visual Studio Solution File, Format Version 12.00
# Visual Studio Version 17
VisualStudioVersion = 17.2.32630.192
MinimumVisualStudioVersion = 10.0.40219.1
Project("{FAE04EC0-301F-11D3-BF4B-00C04F79EFBC}") = "WebApp", "WebApp\WebApp.csproj", "{92296AA0-4BF0-408A-A6E8-AA90DF998F72}"
EndProject
Global
	GlobalSection(SolutionConfigurationPlatforms) = preSolution
		Debug|Any CPU = Debug|Any CPU
		Release|Any CPU = Release|Any CPU
	EndGlobalSection
	GlobalSection(ProjectConfigurationPlatforms) = postSolution
		{92296AA0-4BF0-408A-A6E8-AA90DF998F72}.Debug|Any CPU.ActiveCfg = Debug|Any CPU
		{92296AA0-4BF0-408A-A6E8-AA90DF998F72}.Debug|Any CPU.Build.0 = Debug|Any CPU
		{92296AA0-4BF0-408A-A6E8-AA90DF998F72}.Release|Any CPU.ActiveCfg = Release|Any CPU
		{92296AA0-4BF0-408A-A6E8-AA90DF998F72}.Release|Any CPU.Build.0 = Release|Any CPU
	EndGlobalSection
	GlobalSection(SolutionProperties) = preSolution
		HideSolutionNode = FALSE
	EndGlobalSection
	GlobalSection(ExtensibilityGlobals) = postSolution
		SolutionGuid = {B0AB324C-C67A-4D4C-9BF0-E1B742A57F05}
	EndGlobalSection
EndGlobal
